// !$*UTF8*$!
{
	archiveVersion = 1;
	classes = {
	};
	objectVersion = 46;
	objects = {

/* Begin PBXBuildFile section */
		69D405561EF1938500EDA463 /* AppDelegate.swift in Sources */ = {isa = PBXBuildFile; fileRef = 69D405551EF1938500EDA463 /* AppDelegate.swift */; };
		69D4055B1EF1938500EDA463 /* Main.storyboard in Resources */ = {isa = PBXBuildFile; fileRef = 69D405591EF1938500EDA463 /* Main.storyboard */; };
		69D4055D1EF1938500EDA463 /* Assets.xcassets in Resources */ = {isa = PBXBuildFile; fileRef = 69D4055C1EF1938500EDA463 /* Assets.xcassets */; };
		69D405601EF1938500EDA463 /* LaunchScreen.storyboard in Resources */ = {isa = PBXBuildFile; fileRef = 69D4055E1EF1938500EDA463 /* LaunchScreen.storyboard */; };
		69D405681EF1974F00EDA463 /* FlickrPhotosViewController.swift in Sources */ = {isa = PBXBuildFile; fileRef = 69D405671EF1974F00EDA463 /* FlickrPhotosViewController.swift */; };
		69D4056C1EF19A5300EDA463 /* Flickr.swift in Sources */ = {isa = PBXBuildFile; fileRef = 69D405691EF19A5300EDA463 /* Flickr.swift */; };
		69D4056D1EF19A5300EDA463 /* FlickrPhoto.swift in Sources */ = {isa = PBXBuildFile; fileRef = 69D4056A1EF19A5300EDA463 /* FlickrPhoto.swift */; };
		69D4056E1EF19A5300EDA463 /* FlickrSearchResults.swift in Sources */ = {isa = PBXBuildFile; fileRef = 69D4056B1EF19A5300EDA463 /* FlickrSearchResults.swift */; };
		69D405701EF1AE6A00EDA463 /* FlickrPhotoCell.swift in Sources */ = {isa = PBXBuildFile; fileRef = 69D4056F1EF1AE6A00EDA463 /* FlickrPhotoCell.swift */; };
		69D405721EF1BD0000EDA463 /* FlickrPhotoHeaderView.swift in Sources */ = {isa = PBXBuildFile; fileRef = 69D405711EF1BD0000EDA463 /* FlickrPhotoHeaderView.swift */; };
/* End PBXBuildFile section */

/* Begin PBXFileReference section */
		69D405521EF1938500EDA463 /* FlickrSearch.app */ = {isa = PBXFileReference; explicitFileType = wrapper.application; includeInIndex = 0; path = FlickrSearch.app; sourceTree = BUILT_PRODUCTS_DIR; };
		69D405551EF1938500EDA463 /* AppDelegate.swift */ = {isa = PBXFileReference; lastKnownFileType = sourcecode.swift; path = AppDelegate.swift; sourceTree = "<group>"; };
		69D4055A1EF1938500EDA463 /* Base */ = {isa = PBXFileReference; lastKnownFileType = file.storyboard; name = Base; path = Base.lproj/Main.storyboard; sourceTree = "<group>"; };
		69D4055C1EF1938500EDA463 /* Assets.xcassets */ = {isa = PBXFileReference; lastKnownFileType = folder.assetcatalog; path = Assets.xcassets; sourceTree = "<group>"; };
		69D4055F1EF1938500EDA463 /* Base */ = {isa = PBXFileReference; lastKnownFileType = file.storyboard; name = Base; path = Base.lproj/LaunchScreen.storyboard; sourceTree = "<group>"; };
		69D405611EF1938500EDA463 /* Info.plist */ = {isa = PBXFileReference; lastKnownFileType = text.plist.xml; path = Info.plist; sourceTree = "<group>"; };
		69D405671EF1974F00EDA463 /* FlickrPhotosViewController.swift */ = {isa = PBXFileReference; fileEncoding = 4; lastKnownFileType = sourcecode.swift; name = FlickrPhotosViewController.swift; path = ../FlickrPhotosViewController.swift; sourceTree = "<group>"; };
		69D405691EF19A5300EDA463 /* Flickr.swift */ = {isa = PBXFileReference; fileEncoding = 4; lastKnownFileType = sourcecode.swift; path = Flickr.swift; sourceTree = "<group>"; };
		69D4056A1EF19A5300EDA463 /* FlickrPhoto.swift */ = {isa = PBXFileReference; fileEncoding = 4; lastKnownFileType = sourcecode.swift; path = FlickrPhoto.swift; sourceTree = "<group>"; };
		69D4056B1EF19A5300EDA463 /* FlickrSearchResults.swift */ = {isa = PBXFileReference; fileEncoding = 4; lastKnownFileType = sourcecode.swift; path = FlickrSearchResults.swift; sourceTree = "<group>"; };
		69D4056F1EF1AE6A00EDA463 /* FlickrPhotoCell.swift */ = {isa = PBXFileReference; fileEncoding = 4; lastKnownFileType = sourcecode.swift; path = FlickrPhotoCell.swift; sourceTree = "<group>"; };
		69D405711EF1BD0000EDA463 /* FlickrPhotoHeaderView.swift */ = {isa = PBXFileReference; fileEncoding = 4; lastKnownFileType = sourcecode.swift; path = FlickrPhotoHeaderView.swift; sourceTree = "<group>"; };
/* End PBXFileReference section */

/* Begin PBXFrameworksBuildPhase section */
		69D4054F1EF1938500EDA463 /* Frameworks */ = {
			isa = PBXFrameworksBuildPhase;
			buildActionMask = 2147483647;
			files = (
			);
			runOnlyForDeploymentPostprocessing = 0;
		};
/* End PBXFrameworksBuildPhase section */

/* Begin PBXGroup section */
		69D405491EF1938500EDA463 = {
			isa = PBXGroup;
			children = (
				69D405541EF1938500EDA463 /* FlickrSearch */,
				69D405531EF1938500EDA463 /* Products */,
			);
			sourceTree = "<group>";
		};
		69D405531EF1938500EDA463 /* Products */ = {
			isa = PBXGroup;
			children = (
				69D405521EF1938500EDA463 /* FlickrSearch.app */,
			);
			name = Products;
			sourceTree = "<group>";
		};
		69D405541EF1938500EDA463 /* FlickrSearch */ = {
			isa = PBXGroup;
			children = (
				69D405551EF1938500EDA463 /* AppDelegate.swift */,
				69D405591EF1938500EDA463 /* Main.storyboard */,
				69D4056F1EF1AE6A00EDA463 /* FlickrPhotoCell.swift */,
				69D405671EF1974F00EDA463 /* FlickrPhotosViewController.swift */,
				69D405691EF19A5300EDA463 /* Flickr.swift */,
				69D4056A1EF19A5300EDA463 /* FlickrPhoto.swift */,
				69D405711EF1BD0000EDA463 /* FlickrPhotoHeaderView.swift */,
				69D4056B1EF19A5300EDA463 /* FlickrSearchResults.swift */,
				69D4055C1EF1938500EDA463 /* Assets.xcassets */,
				69D4055E1EF1938500EDA463 /* LaunchScreen.storyboard */,
				69D405611EF1938500EDA463 /* Info.plist */,
			);
			path = FlickrSearch;
			sourceTree = "<group>";
		};
/* End PBXGroup section */

/* Begin PBXNativeTarget section */
		69D405511EF1938500EDA463 /* FlickrSearch */ = {
			isa = PBXNativeTarget;
			buildConfigurationList = 69D405641EF1938500EDA463 /* Build configuration list for PBXNativeTarget "FlickrSearch" */;
			buildPhases = (
				69D4054E1EF1938500EDA463 /* Sources */,
				69D4054F1EF1938500EDA463 /* Frameworks */,
				69D405501EF1938500EDA463 /* Resources */,
			);
			buildRules = (
			);
			dependencies = (
			);
			name = FlickrSearch;
			productName = FlickrSearch;
			productReference = 69D405521EF1938500EDA463 /* FlickrSearch.app */;
			productType = "com.apple.product-type.application";
		};
/* End PBXNativeTarget section */

/* Begin PBXProject section */
		69D4054A1EF1938500EDA463 /* Project object */ = {
			isa = PBXProject;
			attributes = {
				LastSwiftUpdateCheck = 0830;
				LastUpgradeCheck = 0830;
				ORGANIZATIONNAME = TeevoCo;
				TargetAttributes = {
					69D405511EF1938500EDA463 = {
						CreatedOnToolsVersion = 8.3;
						DevelopmentTeam = B676NWYQK9;
						ProvisioningStyle = Automatic;
					};
				};
			};
			buildConfigurationList = 69D4054D1EF1938500EDA463 /* Build configuration list for PBXProject "FlickrSearch" */;
			compatibilityVersion = "Xcode 3.2";
			developmentRegion = English;
			hasScannedForEncodings = 0;
			knownRegions = (
				en,
				Base,
			);
			mainGroup = 69D405491EF1938500EDA463;
			productRefGroup = 69D405531EF1938500EDA463 /* Products */;
			projectDirPath = "";
			projectRoot = "";
			targets = (
				69D405511EF1938500EDA463 /* FlickrSearch */,
			);
		};
/* End PBXProject section */

/* Begin PBXResourcesBuildPhase section */
		69D405501EF1938500EDA463 /* Resources */ = {
			isa = PBXResourcesBuildPhase;
			buildActionMask = 2147483647;
			files = (
				69D405601EF1938500EDA463 /* LaunchScreen.storyboard in Resources */,
				69D4055D1EF1938500EDA463 /* Assets.xcassets in Resources */,
				69D4055B1EF1938500EDA463 /* Main.storyboard in Resources */,
			);
			runOnlyForDeploymentPostprocessing = 0;
		};
/* End PBXResourcesBuildPhase section */

/* Begin PBXSourcesBuildPhase section */
		69D4054E1EF1938500EDA463 /* Sources */ = {
			isa = PBXSourcesBuildPhase;
			buildActionMask = 2147483647;
			files = (
				69D405681EF1974F00EDA463 /* FlickrPhotosViewController.swift in Sources */,
				69D4056E1EF19A5300EDA463 /* FlickrSearchResults.swift in Sources */,
				69D4056D1EF19A5300EDA463 /* FlickrPhoto.swift in Sources */,
				69D4056C1EF19A5300EDA463 /* Flickr.swift in Sources */,
				69D405561EF1938500EDA463 /* AppDelegate.swift in Sources */,
				69D405721EF1BD0000EDA463 /* FlickrPhotoHeaderView.swift in Sources */,
				69D405701EF1AE6A00EDA463 /* FlickrPhotoCell.swift in Sources */,
			);
			runOnlyForDeploymentPostprocessing = 0;
		};
/* End PBXSourcesBuildPhase section */

/* Begin PBXVariantGroup section */
		69D405591EF1938500EDA463 /* Main.storyboard */ = {
			isa = PBXVariantGroup;
			children = (
				69D4055A1EF1938500EDA463 /* Base */,
			);
			name = Main.storyboard;
			sourceTree = "<group>";
		};
		69D4055E1EF1938500EDA463 /* LaunchScreen.storyboard */ = {
			isa = PBXVariantGroup;
			children = (
				69D4055F1EF1938500EDA463 /* Base */,
			);
			name = LaunchScreen.storyboard;
			sourceTree = "<group>";
		};
/* End PBXVariantGroup section */

/* Begin XCBuildConfiguration section */
		69D405621EF1938500EDA463 /* Debug */ = {
			isa = XCBuildConfiguration;
			buildSettings = {
				ALWAYS_SEARCH_USER_PATHS = NO;
				CLANG_ANALYZER_NONNULL = YES;
				CLANG_ANALYZER_NUMBER_OBJECT_CONVERSION = YES_AGGRESSIVE;
				CLANG_CXX_LANGUAGE_STANDARD = "gnu++0x";
				CLANG_CXX_LIBRARY = "libc++";
				CLANG_ENABLE_MODULES = YES;
				CLANG_ENABLE_OBJC_ARC = YES;
				CLANG_WARN_BOOL_CONVERSION = YES;
				CLANG_WARN_CONSTANT_CONVERSION = YES;
				CLANG_WARN_DIRECT_OBJC_ISA_USAGE = YES_ERROR;
				CLANG_WARN_DOCUMENTATION_COMMENTS = YES;
				CLANG_WARN_EMPTY_BODY = YES;
				CLANG_WARN_ENUM_CONVERSION = YES;
				CLANG_WARN_INFINITE_RECURSION = YES;
				CLANG_WARN_INT_CONVERSION = YES;
				CLANG_WARN_OBJC_ROOT_CLASS = YES_ERROR;
				CLANG_WARN_SUSPICIOUS_MOVE = YES;
				CLANG_WARN_UNREACHABLE_CODE = YES;
				CLANG_WARN__DUPLICATE_METHOD_MATCH = YES;
				"CODE_SIGN_IDENTITY[sdk=iphoneos*]" = "iPhone Developer";
				COPY_PHASE_STRIP = NO;
				DEBUG_INFORMATION_FORMAT = dwarf;
				ENABLE_STRICT_OBJC_MSGSEND = YES;
				ENABLE_TESTABILITY = YES;
				GCC_C_LANGUAGE_STANDARD = gnu99;
				GCC_DYNAMIC_NO_PIC = NO;
				GCC_NO_COMMON_BLOCKS = YES;
				GCC_OPTIMIZATION_LEVEL = 0;
				GCC_PREPROCESSOR_DEFINITIONS = (
					"DEBUG=1",
					"$(inherited)",
				);
				GCC_WARN_64_TO_32_BIT_CONVERSION = YES;
				GCC_WARN_ABOUT_RETURN_TYPE = YES_ERROR;
				GCC_WARN_UNDECLARED_SELECTOR = YES;
				GCC_WARN_UNINITIALIZED_AUTOS = YES_AGGRESSIVE;
				GCC_WARN_UNUSED_FUNCTION = YES;
				GCC_WARN_UNUSED_VARIABLE = YES;
				IPHONEOS_DEPLOYMENT_TARGET = 10.3;
				MTL_ENABLE_DEBUG_INFO = YES;
				ONLY_ACTIVE_ARCH = YES;
				SDKROOT = iphoneos;
				SWIFT_ACTIVE_COMPILATION_CONDITIONS = DEBUG;
				SWIFT_OPTIMIZATION_LEVEL = "-Onone";
				TARGETED_DEVICE_FAMILY = 2;
			};
			name = Debug;
		};
		69D405631EF1938500EDA463 /* Release */ = {
			isa = XCBuildConfiguration;
			buildSettings = {
				ALWAYS_SEARCH_USER_PATHS = NO;
				CLANG_ANALYZER_NONNULL = YES;
				CLANG_ANALYZER_NUMBER_OBJECT_CONVERSION = YES_AGGRESSIVE;
				CLANG_CXX_LANGUAGE_STANDARD = "gnu++0x";
				CLANG_CXX_LIBRARY = "libc++";
				CLANG_ENABLE_MODULES = YES;
				CLANG_ENABLE_OBJC_ARC = YES;
				CLANG_WARN_BOOL_CONVERSION = YES;
				CLANG_WARN_CONSTANT_CONVERSION = YES;
				CLANG_WARN_DIRECT_OBJC_ISA_USAGE = YES_ERROR;
				CLANG_WARN_DOCUMENTATION_COMMENTS = YES;
				CLANG_WARN_EMPTY_BODY = YES;
				CLANG_WARN_ENUM_CONVERSION = YES;
				CLANG_WARN_INFINITE_RECURSION = YES;
				CLANG_WARN_INT_CONVERSION = YES;
				CLANG_WARN_OBJC_ROOT_CLASS = YES_ERROR;
				CLANG_WARN_SUSPICIOUS_MOVE = YES;
				CLANG_WARN_UNREACHABLE_CODE = YES;
				CLANG_WARN__DUPLICATE_METHOD_MATCH = YES;
				"CODE_SIGN_IDENTITY[sdk=iphoneos*]" = "iPhone Developer";
				COPY_PHASE_STRIP = NO;
				DEBUG_INFORMATION_FORMAT = "dwarf-with-dsym";
				ENABLE_NS_ASSERTIONS = NO;
				ENABLE_STRICT_OBJC_MSGSEND = YES;
				GCC_C_LANGUAGE_STANDARD = gnu99;
				GCC_NO_COMMON_BLOCKS = YES;
				GCC_WARN_64_TO_32_BIT_CONVERSION = YES;
				GCC_WARN_ABOUT_RETURN_TYPE = YES_ERROR;
				GCC_WARN_UNDECLARED_SELECTOR = YES;
				GCC_WARN_UNINITIALIZED_AUTOS = YES_AGGRESSIVE;
				GCC_WARN_UNUSED_FUNCTION = YES;
				GCC_WARN_UNUSED_VARIABLE = YES;
				IPHONEOS_DEPLOYMENT_TARGET = 10.3;
				MTL_ENABLE_DEBUG_INFO = NO;
				SDKROOT = iphoneos;
				SWIFT_OPTIMIZATION_LEVEL = "-Owholemodule";
				TARGETED_DEVICE_FAMILY = 2;
				VALIDATE_PRODUCT = YES;
			};
			name = Release;
		};
		69D405651EF1938500EDA463 /* Debug */ = {
			isa = XCBuildConfiguration;
			buildSettings = {
				ASSETCATALOG_COMPILER_APPICON_NAME = AppIcon;
				DEVELOPMENT_TEAM = B676NWYQK9;
				INFOPLIST_FILE = FlickrSearch/Info.plist;
				LD_RUNPATH_SEARCH_PATHS = "$(inherited) @executable_path/Frameworks";
				PRODUCT_BUNDLE_IDENTIFIER = TMac.FlickrSearch;
				PRODUCT_NAME = "$(TARGET_NAME)";
				SWIFT_VERSION = 3.0;
			};
			name = Debug;
		};
		69D405661EF1938500EDA463 /* Release */ = {
			isa = XCBuildConfiguration;
			buildSettings = {
				ASSETCATALOG_COMPILER_APPICON_NAME = AppIcon;
				DEVELOPMENT_TEAM = B676NWYQK9;
				INFOPLIST_FILE = FlickrSearch/Info.plist;
				LD_RUNPATH_SEARCH_PATHS = "$(inherited) @executable_path/Frameworks";
				PRODUCT_BUNDLE_IDENTIFIER = TMac.FlickrSearch;
				PRODUCT_NAME = "$(TARGET_NAME)";
				SWIFT_VERSION = 3.0;
			};
			name = Release;
		};
/* End XCBuildConfiguration section */

/* Begin XCConfigurationList section */
		69D4054D1EF1938500EDA463 /* Build configuration list for PBXProject "FlickrSearch" */ = {
			isa = XCConfigurationList;
			buildConfigurations = (
				69D405621EF1938500EDA463 /* Debug */,
				69D405631EF1938500EDA463 /* Release */,
			);
			defaultConfigurationIsVisible = 0;
			defaultConfigurationName = Release;
		};
		69D405641EF1938500EDA463 /* Build configuration list for PBXNativeTarget "FlickrSearch" */ = {
			isa = XCConfigurationList;
			buildConfigurations = (
				69D405651EF1938500EDA463 /* Debug */,
				69D405661EF1938500EDA463 /* Release */,
			);
			defaultConfigurationIsVisible = 0;
		};
/* End XCConfigurationList section */
	};
	rootObject = 69D4054A1EF1938500EDA463 /* Project object */;
}
